// !$*UTF8*$!
{
	archiveVersion = 1;
	classes = {
	};
	objectVersion = 46;
	objects = {

/* Begin PBXBuildFile section */
		CC7B5A1B1AA90FB2007BDC31 /* AppDelegate.swift in Sources */ = {isa = PBXBuildFile; fileRef = CC7B5A1A1AA90FB2007BDC31 /* AppDelegate.swift */; };
		CC7B5A1D1AA90FB2007BDC31 /* ViewController.swift in Sources */ = {isa = PBXBuildFile; fileRef = CC7B5A1C1AA90FB2007BDC31 /* ViewController.swift */; };
		CC7B5A201AA90FB2007BDC31 /* Main.storyboard in Resources */ = {isa = PBXBuildFile; fileRef = CC7B5A1E1AA90FB2007BDC31 /* Main.storyboard */; };
		CC7B5A221AA90FB2007BDC31 /* Images.xcassets in Resources */ = {isa = PBXBuildFile; fileRef = CC7B5A211AA90FB2007BDC31 /* Images.xcassets */; };
		CC7B5A251AA90FB2007BDC31 /* LaunchScreen.xib in Resources */ = {isa = PBXBuildFile; fileRef = CC7B5A231AA90FB2007BDC31 /* LaunchScreen.xib */; };
		CC7B5A311AA90FB2007BDC31 /* ContactTests.swift in Sources */ = {isa = PBXBuildFile; fileRef = CC7B5A301AA90FB2007BDC31 /* ContactTests.swift */; };
/* End PBXBuildFile section */

/* Begin PBXContainerItemProxy section */
		CC7B5A2B1AA90FB2007BDC31 /* PBXContainerItemProxy */ = {
			isa = PBXContainerItemProxy;
			containerPortal = CC7B5A0D1AA90FB2007BDC31 /* Project object */;
			proxyType = 1;
			remoteGlobalIDString = CC7B5A141AA90FB2007BDC31;
			remoteInfo = Contact;
		};
/* End PBXContainerItemProxy section */

/* Begin PBXFileReference section */
		CC7B5A151AA90FB2007BDC31 /* Contact.app */ = {isa = PBXFileReference; explicitFileType = wrapper.application; includeInIndex = 0; path = Contact.app; sourceTree = BUILT_PRODUCTS_DIR; };
		CC7B5A191AA90FB2007BDC31 /* Info.plist */ = {isa = PBXFileReference; lastKnownFileType = text.plist.xml; path = Info.plist; sourceTree = "<group>"; };
		CC7B5A1A1AA90FB2007BDC31 /* AppDelegate.swift */ = {isa = PBXFileReference; lastKnownFileType = sourcecode.swift; path = AppDelegate.swift; sourceTree = "<group>"; };
		CC7B5A1C1AA90FB2007BDC31 /* ViewController.swift */ = {isa = PBXFileReference; lastKnownFileType = sourcecode.swift; path = ViewController.swift; sourceTree = "<group>"; };
		CC7B5A1F1AA90FB2007BDC31 /* Base */ = {isa = PBXFileReference; lastKnownFileType = file.storyboard; name = Base; path = Base.lproj/Main.storyboard; sourceTree = "<group>"; };
		CC7B5A211AA90FB2007BDC31 /* Images.xcassets */ = {isa = PBXFileReference; lastKnownFileType = folder.assetcatalog; path = Images.xcassets; sourceTree = "<group>"; };
		CC7B5A241AA90FB2007BDC31 /* Base */ = {isa = PBXFileReference; lastKnownFileType = file.xib; name = Base; path = Base.lproj/LaunchScreen.xib; sourceTree = "<group>"; };
		CC7B5A2A1AA90FB2007BDC31 /* ContactTests.xctest */ = {isa = PBXFileReference; explicitFileType = wrapper.cfbundle; includeInIndex = 0; path = ContactTests.xctest; sourceTree = BUILT_PRODUCTS_DIR; };
		CC7B5A2F1AA90FB2007BDC31 /* Info.plist */ = {isa = PBXFileReference; lastKnownFileType = text.plist.xml; path = Info.plist; sourceTree = "<group>"; };
		CC7B5A301AA90FB2007BDC31 /* ContactTests.swift */ = {isa = PBXFileReference; lastKnownFileType = sourcecode.swift; path = ContactTests.swift; sourceTree = "<group>"; };
/* End PBXFileReference section */

/* Begin PBXFrameworksBuildPhase section */
		CC7B5A121AA90FB2007BDC31 /* Frameworks */ = {
			isa = PBXFrameworksBuildPhase;
			buildActionMask = 2147483647;
			files = (
			);
			runOnlyForDeploymentPostprocessing = 0;
		};
		CC7B5A271AA90FB2007BDC31 /* Frameworks */ = {
			isa = PBXFrameworksBuildPhase;
			buildActionMask = 2147483647;
			files = (
			);
			runOnlyForDeploymentPostprocessing = 0;
		};
/* End PBXFrameworksBuildPhase section */

/* Begin PBXGroup section */
		CC7B5A0C1AA90FB2007BDC31 = {
			isa = PBXGroup;
			children = (
				CC7B5A171AA90FB2007BDC31 /* Contact */,
				CC7B5A2D1AA90FB2007BDC31 /* ContactTests */,
				CC7B5A161AA90FB2007BDC31 /* Products */,
			);
			sourceTree = "<group>";
		};
		CC7B5A161AA90FB2007BDC31 /* Products */ = {
			isa = PBXGroup;
			children = (
				CC7B5A151AA90FB2007BDC31 /* Contact.app */,
				CC7B5A2A1AA90FB2007BDC31 /* ContactTests.xctest */,
			);
			name = Products;
			sourceTree = "<group>";
		};
		CC7B5A171AA90FB2007BDC31 /* Contact */ = {
			isa = PBXGroup;
			children = (
				CC7B5A1A1AA90FB2007BDC31 /* AppDelegate.swift */,
				CC7B5A1C1AA90FB2007BDC31 /* ViewController.swift */,
				CC7B5A1E1AA90FB2007BDC31 /* Main.storyboard */,
				CC7B5A211AA90FB2007BDC31 /* Images.xcassets */,
				CC7B5A231AA90FB2007BDC31 /* LaunchScreen.xib */,
				CC7B5A181AA90FB2007BDC31 /* Supporting Files */,
			);
			path = Contact;
			sourceTree = "<group>";
		};
		CC7B5A181AA90FB2007BDC31 /* Supporting Files */ = {
			isa = PBXGroup;
			children = (
				CC7B5A191AA90FB2007BDC31 /* Info.plist */,
			);
			name = "Supporting Files";
			sourceTree = "<group>";
		};
		CC7B5A2D1AA90FB2007BDC31 /* ContactTests */ = {
			isa = PBXGroup;
			children = (
				CC7B5A301AA90FB2007BDC31 /* ContactTests.swift */,
				CC7B5A2E1AA90FB2007BDC31 /* Supporting Files */,
			);
			path = ContactTests;
			sourceTree = "<group>";
		};
		CC7B5A2E1AA90FB2007BDC31 /* Supporting Files */ = {
			isa = PBXGroup;
			children = (
				CC7B5A2F1AA90FB2007BDC31 /* Info.plist */,
			);
			name = "Supporting Files";
			sourceTree = "<group>";
		};
/* End PBXGroup section */

/* Begin PBXNativeTarget section */
		CC7B5A141AA90FB2007BDC31 /* Contact */ = {
			isa = PBXNativeTarget;
			buildConfigurationList = CC7B5A341AA90FB2007BDC31 /* Build configuration list for PBXNativeTarget "Contact" */;
			buildPhases = (
				CC7B5A111AA90FB2007BDC31 /* Sources */,
				CC7B5A121AA90FB2007BDC31 /* Frameworks */,
				CC7B5A131AA90FB2007BDC31 /* Resources */,
			);
			buildRules = (
			);
			dependencies = (
			);
			name = Contact;
			productName = Contact;
			productReference = CC7B5A151AA90FB2007BDC31 /* Contact.app */;
			productType = "com.apple.product-type.application";
		};
		CC7B5A291AA90FB2007BDC31 /* ContactTests */ = {
			isa = PBXNativeTarget;
			buildConfigurationList = CC7B5A371AA90FB2007BDC31 /* Build configuration list for PBXNativeTarget "ContactTests" */;
			buildPhases = (
				CC7B5A261AA90FB2007BDC31 /* Sources */,
				CC7B5A271AA90FB2007BDC31 /* Frameworks */,
				CC7B5A281AA90FB2007BDC31 /* Resources */,
			);
			buildRules = (
			);
			dependencies = (
				CC7B5A2C1AA90FB2007BDC31 /* PBXTargetDependency */,
			);
			name = ContactTests;
			productName = ContactTests;
			productReference = CC7B5A2A1AA90FB2007BDC31 /* ContactTests.xctest */;
			productType = "com.apple.product-type.bundle.unit-test";
		};
/* End PBXNativeTarget section */

/* Begin PBXProject section */
		CC7B5A0D1AA90FB2007BDC31 /* Project object */ = {
			isa = PBXProject;
			attributes = {
				LastUpgradeCheck = 0610;
				ORGANIZATIONNAME = punch;
				TargetAttributes = {
					CC7B5A141AA90FB2007BDC31 = {
						CreatedOnToolsVersion = 6.1;
					};
					CC7B5A291AA90FB2007BDC31 = {
						CreatedOnToolsVersion = 6.1;
						TestTargetID = CC7B5A141AA90FB2007BDC31;
					};
				};
			};
			buildConfigurationList = CC7B5A101AA90FB2007BDC31 /* Build configuration list for PBXProject "Contact" */;
			compatibilityVersion = "Xcode 3.2";
			developmentRegion = English;
			hasScannedForEncodings = 0;
			knownRegions = (
				en,
				Base,
			);
			mainGroup = CC7B5A0C1AA90FB2007BDC31;
			productRefGroup = CC7B5A161AA90FB2007BDC31 /* Products */;
			projectDirPath = "";
			projectRoot = "";
			targets = (
				CC7B5A141AA90FB2007BDC31 /* Contact */,
				CC7B5A291AA90FB2007BDC31 /* ContactTests */,
			);
		};
/* End PBXProject section */

/* Begin PBXResourcesBuildPhase section */
		CC7B5A131AA90FB2007BDC31 /* Resources */ = {
			isa = PBXResourcesBuildPhase;
			buildActionMask = 2147483647;
			files = (
				CC7B5A201AA90FB2007BDC31 /* Main.storyboard in Resources */,
				CC7B5A251AA90FB2007BDC31 /* LaunchScreen.xib in Resources */,
				CC7B5A221AA90FB2007BDC31 /* Images.xcassets in Resources */,
			);
			runOnlyForDeploymentPostprocessing = 0;
		};
		CC7B5A281AA90FB2007BDC31 /* Resources */ = {
			isa = PBXResourcesBuildPhase;
			buildActionMask = 2147483647;
			files = (
			);
			runOnlyForDeploymentPostprocessing = 0;
		};
/* End PBXResourcesBuildPhase section */

/* Begin PBXSourcesBuildPhase section */
		CC7B5A111AA90FB2007BDC31 /* Sources */ = {
			isa = PBXSourcesBuildPhase;
			buildActionMask = 2147483647;
			files = (
				CC7B5A1D1AA90FB2007BDC31 /* ViewController.swift in Sources */,
				CC7B5A1B1AA90FB2007BDC31 /* AppDelegate.swift in Sources */,
			);
			runOnlyForDeploymentPostprocessing = 0;
		};
		CC7B5A261AA90FB2007BDC31 /* Sources */ = {
			isa = PBXSourcesBuildPhase;
			buildActionMask = 2147483647;
			files = (
				CC7B5A311AA90FB2007BDC31 /* ContactTests.swift in Sources */,
			);
			runOnlyForDeploymentPostprocessing = 0;
		};
/* End PBXSourcesBuildPhase section */

/* Begin PBXTargetDependency section */
		CC7B5A2C1AA90FB2007BDC31 /* PBXTargetDependency */ = {
			isa = PBXTargetDependency;
			target = CC7B5A141AA90FB2007BDC31 /* Contact */;
			targetProxy = CC7B5A2B1AA90FB2007BDC31 /* PBXContainerItemProxy */;
		};
/* End PBXTargetDependency section */

/* Begin PBXVariantGroup section */
		CC7B5A1E1AA90FB2007BDC31 /* Main.storyboard */ = {
			isa = PBXVariantGroup;
			children = (
				CC7B5A1F1AA90FB2007BDC31 /* Base */,
			);
			name = Main.storyboard;
			sourceTree = "<group>";
		};
		CC7B5A231AA90FB2007BDC31 /* LaunchScreen.xib */ = {
			isa = PBXVariantGroup;
			children = (
				CC7B5A241AA90FB2007BDC31 /* Base */,
			);
			name = LaunchScreen.xib;
			sourceTree = "<group>";
		};
/* End PBXVariantGroup section */

/* Begin XCBuildConfiguration section */
		CC7B5A321AA90FB2007BDC31 /* Debug */ = {
			isa = XCBuildConfiguration;
			buildSettings = {
				ALWAYS_SEARCH_USER_PATHS = NO;
				CLANG_CXX_LANGUAGE_STANDARD = "gnu++0x";
				CLANG_CXX_LIBRARY = "libc++";
				CLANG_ENABLE_MODULES = YES;
				CLANG_ENABLE_OBJC_ARC = YES;
				CLANG_WARN_BOOL_CONVERSION = YES;
				CLANG_WARN_CONSTANT_CONVERSION = YES;
				CLANG_WARN_DIRECT_OBJC_ISA_USAGE = YES_ERROR;
				CLANG_WARN_EMPTY_BODY = YES;
				CLANG_WARN_ENUM_CONVERSION = YES;
				CLANG_WARN_INT_CONVERSION = YES;
				CLANG_WARN_OBJC_ROOT_CLASS = YES_ERROR;
				CLANG_WARN_UNREACHABLE_CODE = YES;
				CLANG_WARN__DUPLICATE_METHOD_MATCH = YES;
				"CODE_SIGN_IDENTITY[sdk=iphoneos*]" = "iPhone Developer";
				COPY_PHASE_STRIP = NO;
				ENABLE_STRICT_OBJC_MSGSEND = YES;
				GCC_C_LANGUAGE_STANDARD = gnu99;
				GCC_DYNAMIC_NO_PIC = NO;
				GCC_OPTIMIZATION_LEVEL = 0;
				GCC_PREPROCESSOR_DEFINITIONS = (
					"DEBUG=1",
					"$(inherited)",
				);
				GCC_SYMBOLS_PRIVATE_EXTERN = NO;
				GCC_WARN_64_TO_32_BIT_CONVERSION = YES;
				GCC_WARN_ABOUT_RETURN_TYPE = YES_ERROR;
				GCC_WARN_UNDECLARED_SELECTOR = YES;
				GCC_WARN_UNINITIALIZED_AUTOS = YES_AGGRESSIVE;
				GCC_WARN_UNUSED_FUNCTION = YES;
				GCC_WARN_UNUSED_VARIABLE = YES;
				IPHONEOS_DEPLOYMENT_TARGET = 8.1;
				MTL_ENABLE_DEBUG_INFO = YES;
				ONLY_ACTIVE_ARCH = YES;
				SDKROOT = iphoneos;
				SWIFT_OPTIMIZATION_LEVEL = "-Onone";
			};
			name = Debug;
		};
		CC7B5A331AA90FB2007BDC31 /* Release */ = {
			isa = XCBuildConfiguration;
			buildSettings = {
				ALWAYS_SEARCH_USER_PATHS = NO;
				CLANG_CXX_LANGUAGE_STANDARD = "gnu++0x";
				CLANG_CXX_LIBRARY = "libc++";
				CLANG_ENABLE_MODULES = YES;
				CLANG_ENABLE_OBJC_ARC = YES;
				CLANG_WARN_BOOL_CONVERSION = YES;
				CLANG_WARN_CONSTANT_CONVERSION = YES;
				CLANG_WARN_DIRECT_OBJC_ISA_USAGE = YES_ERROR;
				CLANG_WARN_EMPTY_BODY = YES;
				CLANG_WARN_ENUM_CONVERSION = YES;
				CLANG_WARN_INT_CONVERSION = YES;
				CLANG_WARN_OBJC_ROOT_CLASS = YES_ERROR;
				CLANG_WARN_UNREACHABLE_CODE = YES;
				CLANG_WARN__DUPLICATE_METHOD_MATCH = YES;
				"CODE_SIGN_IDENTITY[sdk=iphoneos*]" = "iPhone Developer";
				COPY_PHASE_STRIP = YES;
				ENABLE_NS_ASSERTIONS = NO;
				ENABLE_STRICT_OBJC_MSGSEND = YES;
				GCC_C_LANGUAGE_STANDARD = gnu99;
				GCC_WARN_64_TO_32_BIT_CONVERSION = YES;
				GCC_WARN_ABOUT_RETURN_TYPE = YES_ERROR;
				GCC_WARN_UNDECLARED_SELECTOR = YES;
				GCC_WARN_UNINITIALIZED_AUTOS = YES_AGGRESSIVE;
				GCC_WARN_UNUSED_FUNCTION = YES;
				GCC_WARN_UNUSED_VARIABLE = YES;
				IPHONEOS_DEPLOYMENT_TARGET = 8.1;
				MTL_ENABLE_DEBUG_INFO = NO;
				SDKROOT = iphoneos;
				VALIDATE_PRODUCT = YES;
			};
			name = Release;
		};
		CC7B5A351AA90FB2007BDC31 /* Debug */ = {
			isa = XCBuildConfiguration;
			buildSettings = {
				ASSETCATALOG_COMPILER_APPICON_NAME = AppIcon;
				INFOPLIST_FILE = Contact/Info.plist;
				LD_RUNPATH_SEARCH_PATHS = "$(inherited) @executable_path/Frameworks";
				PRODUCT_NAME = "$(TARGET_NAME)";
			};
			name = Debug;
		};
		CC7B5A361AA90FB2007BDC31 /* Release */ = {
			isa = XCBuildConfiguration;
			buildSettings = {
				ASSETCATALOG_COMPILER_APPICON_NAME = AppIcon;
				INFOPLIST_FILE = Contact/Info.plist;
				LD_RUNPATH_SEARCH_PATHS = "$(inherited) @executable_path/Frameworks";
				PRODUCT_NAME = "$(TARGET_NAME)";
			};
			name = Release;
		};
		CC7B5A381AA90FB2007BDC31 /* Debug */ = {
			isa = XCBuildConfiguration;
			buildSettings = {
				BUNDLE_LOADER = "$(TEST_HOST)";
				FRAMEWORK_SEARCH_PATHS = (
					"$(SDKROOT)/Developer/Library/Frameworks",
					"$(inherited)",
				);
				GCC_PREPROCESSOR_DEFINITIONS = (
					"DEBUG=1",
					"$(inherited)",
				);
				INFOPLIST_FILE = ContactTests/Info.plist;
				LD_RUNPATH_SEARCH_PATHS = "$(inherited) @executable_path/Frameworks @loader_path/Frameworks";
				PRODUCT_NAME = "$(TARGET_NAME)";
				TEST_HOST = "$(BUILT_PRODUCTS_DIR)/Contact.app/Contact";
			};
			name = Debug;
		};
		CC7B5A391AA90FB2007BDC31 /* Release */ = {
			isa = XCBuildConfiguration;
			buildSettings = {
				BUNDLE_LOADER = "$(TEST_HOST)";
				FRAMEWORK_SEARCH_PATHS = (
					"$(SDKROOT)/Developer/Library/Frameworks",
					"$(inherited)",
				);
				INFOPLIST_FILE = ContactTests/Info.plist;
				LD_RUNPATH_SEARCH_PATHS = "$(inherited) @executable_path/Frameworks @loader_path/Frameworks";
				PRODUCT_NAME = "$(TARGET_NAME)";
				TEST_HOST = "$(BUILT_PRODUCTS_DIR)/Contact.app/Contact";
			};
			name = Release;
		};
/* End XCBuildConfiguration section */

/* Begin XCConfigurationList section */
		CC7B5A101AA90FB2007BDC31 /* Build configuration list for PBXProject "Contact" */ = {
			isa = XCConfigurationList;
			buildConfigurations = (
				CC7B5A321AA90FB2007BDC31 /* Debug */,
				CC7B5A331AA90FB2007BDC31 /* Release */,
			);
			defaultConfigurationIsVisible = 0;
			defaultConfigurationName = Release;
		};
		CC7B5A341AA90FB2007BDC31 /* Build configuration list for PBXNativeTarget "Contact" */ = {
			isa = XCConfigurationList;
			buildConfigurations = (
				CC7B5A351AA90FB2007BDC31 /* Debug */,
				CC7B5A361AA90FB2007BDC31 /* Release */,
			);
			defaultConfigurationIsVisible = 0;
		};
		CC7B5A371AA90FB2007BDC31 /* Build configuration list for PBXNativeTarget "ContactTests" */ = {
			isa = XCConfigurationList;
			buildConfigurations = (
				CC7B5A381AA90FB2007BDC31 /* Debug */,
				CC7B5A391AA90FB2007BDC31 /* Release */,
			);
			defaultConfigurationIsVisible = 0;
		};
/* End XCConfigurationList section */
	};
	rootObject = CC7B5A0D1AA90FB2007BDC31 /* Project object */;
}
